# This is a Gradle generated file for dependency locking.
# Manual edits can break the build and are not advised.
# This file is expected to be part of source control.
com.google.code.gson:gson:2.8.0
com.google.guava:guava:21.0
com.googlecode.json-simple:json-simple:1.1.1
commons-lang:commons-lang:2.6
junit:junit:4.10
org.bukkit:bukkit:1.12.2-R0.1-SNAPSHOT
org.hamcrest:hamcrest-core:1.1
org.projectlombok:lombok:1.18.12
org.yaml:snakeyaml:1.19
